
Microsoft Visual Studio Solution File, Format Version 12.00
# Visual Studio 14
VisualStudioVersion = 14.0.25420.1
MinimumVisualStudioVersion = 10.0.40219.1
Project("{888888A0-9F3D-457C-B088-3A5042F75D52}") = "Exercise_1", "Exercises\Exercise_1\Exercise_1.pyproj", "{D3DE89ED-90F8-444E-BFF3-AAF65F713CE0}"
EndProject
Project("{888888A0-9F3D-457C-B088-3A5042F75D52}") = "Exercise_2", "Exercises\Exercise_2\Exercise_2.pyproj", "{0AECDAB4-8221-4DFB-A83A-8B05C383C0BC}"
EndProject
Project("{888888A0-9F3D-457C-B088-3A5042F75D52}") = "Exercise_3", "Exercises\Exercise_3\Exercise_3.pyproj", "{B234616C-3FDB-407B-827A-4412B5D88A9A}"
EndProject
Project("{888888A0-9F3D-457C-B088-3A5042F75D52}") = "Exercise_4", "Exercises\Exercise_4\Exercise_4.pyproj", "{2A176ABE-1817-45D6-BA21-2304823E5104}"
EndProject
Project("{888888A0-9F3D-457C-B088-3A5042F75D52}") = "Exercise_5", "Exercises\Exercise_5\Exercise_5.pyproj", "{CEA8928C-DD2E-4799-B8C4-EADEECEC6E95}"
EndProject
Global
	GlobalSection(SolutionConfigurationPlatforms) = preSolution
		Debug|Any CPU = Debug|Any CPU
		Release|Any CPU = Release|Any CPU
	EndGlobalSection
	GlobalSection(ProjectConfigurationPlatforms) = postSolution
		{D3DE89ED-90F8-444E-BFF3-AAF65F713CE0}.Debug|Any CPU.ActiveCfg = Debug|Any CPU
		{D3DE89ED-90F8-444E-BFF3-AAF65F713CE0}.Release|Any CPU.ActiveCfg = Release|Any CPU
		{0AECDAB4-8221-4DFB-A83A-8B05C383C0BC}.Debug|Any CPU.ActiveCfg = Debug|Any CPU
		{0AECDAB4-8221-4DFB-A83A-8B05C383C0BC}.Release|Any CPU.ActiveCfg = Release|Any CPU
		{B234616C-3FDB-407B-827A-4412B5D88A9A}.Debug|Any CPU.ActiveCfg = Debug|Any CPU
		{B234616C-3FDB-407B-827A-4412B5D88A9A}.Release|Any CPU.ActiveCfg = Release|Any CPU
		{2A176ABE-1817-45D6-BA21-2304823E5104}.Debug|Any CPU.ActiveCfg = Debug|Any CPU
		{2A176ABE-1817-45D6-BA21-2304823E5104}.Release|Any CPU.ActiveCfg = Release|Any CPU
		{CEA8928C-DD2E-4799-B8C4-EADEECEC6E95}.Debug|Any CPU.ActiveCfg = Debug|Any CPU
		{CEA8928C-DD2E-4799-B8C4-EADEECEC6E95}.Release|Any CPU.ActiveCfg = Release|Any CPU
	EndGlobalSection
	GlobalSection(SolutionProperties) = preSolution
		HideSolutionNode = FALSE
	EndGlobalSection
EndGlobal
